# This file is automatically @generated by Cargo.
# It is not intended for manual editing.
version = 3

[[package]]
name = "cryptoxide"
version = "0.3.3"
source = "registry+https://github.com/rust-lang/crates.io-index"
checksum = "b8c4fdc86023bc33b265f256ce8205329125b86c38a8a96e243a6a705b7230ec"

[[package]]
name = "ed25519-bip32"
version = "0.4.0"
source = "registry+https://github.com/rust-lang/crates.io-index"
checksum = "6c091ed784fcf257830c75851d6c88fd5991f98d2f3fa9ed23c3f6bac4eec3cc"
dependencies = [
 "cryptoxide",
]

[[package]]
name = "ed25519_bip32_c_interface"
version = "0.1.0"
dependencies = [
 "cryptoxide",
 "ed25519-bip32",
 "libc",
]

[[package]]
name = "libc"
version = "0.2.97"
source = "registry+https://github.com/rust-lang/crates.io-index"
checksum = "12b8adadd720df158f4d70dfe7ccc6adb0472d7c55ca83445f6a5ab3e36f8fb6"
